Microsoft Visual Studio Solution File, Format Version 12.00
# Visual Studio 15
VisualStudioVersion = 15.0.27004.2005
MinimumVisualStudioVersion = 15.0.26124.0
Project("{2150E333-8FDC-42A3-9474-1A3956D46DE8}") = "src", "src", "{75033DBF-7767-44F3-9B33-A490271BFBE7}"
EndProject
Project("{9A19103F-16F7-4668-BE54-9A1E7A4F7556}") = "MaiReo.Nuget.Server", "src\MaiReo.Nuget.Server\MaiReo.Nuget.Server.csproj", "{B23453E8-B6F7-4808-A5D4-077C08BA0DC5}"
EndProject
Project("{2150E333-8FDC-42A3-9474-1A3956D46DE8}") = "Solution Items", "Solution Items", "{DAACA340-EBDC-4BAD-9141-6BA1189DB8A1}"
	ProjectSection(SolutionItems) = preProject
		.gitattributes = .gitattributes
		.gitignore = .gitignore
		icon.ico = icon.ico
		LICENSE = LICENSE
		MaiReo.Nuget.Server.pfx = MaiReo.Nuget.Server.pfx
		README.md = README.md
	EndProjectSection
EndProject
Project("{9A19103F-16F7-4668-BE54-9A1E7A4F7556}") = "MaiReo.Nuget.Server.Core", "src\MaiReo.Nuget.Server.Core\MaiReo.Nuget.Server.Core.csproj", "{D462AF03-7026-4FBC-A657-88FDB41089B2}"
EndProject
Project("{9A19103F-16F7-4668-BE54-9A1E7A4F7556}") = "MaiReo.Nuget.Server.Gallery", "src\MaiReo.Nuget.Server.Gallery\MaiReo.Nuget.Server.Gallery.csproj", "{F884B694-E2F2-46F3-928E-8064CE1CE22C}"
EndProject
Project("{9A19103F-16F7-4668-BE54-9A1E7A4F7556}") = "MaiReo.Nuget.Server.PackagePublish", "src\MaiReo.Nuget.Server.PackagePublish\MaiReo.Nuget.Server.PackagePublish.csproj", "{C9A0F645-0CED-4CF5-B924-8A2570791B04}"
EndProject
Project("{9A19103F-16F7-4668-BE54-9A1E7A4F7556}") = "MaiReo.Nuget.Server.PackageBaseAddress", "src\MaiReo.Nuget.Server.PackageBaseAddress\MaiReo.Nuget.Server.PackageBaseAddress.csproj", "{1C96AD03-BF54-41A5-8DD9-4085366950AF}"
EndProject
Project("{9A19103F-16F7-4668-BE54-9A1E7A4F7556}") = "MaiReo.Nuget.Server.RegistrationsBaseUrl", "src\MaiReo.Nuget.Server.RegistrationsBaseUrl\MaiReo.Nuget.Server.RegistrationsBaseUrl.csproj", "{BF8B50A3-61BB-4613-B8A8-07C65F6D3A61}"
EndProject
Project("{9A19103F-16F7-4668-BE54-9A1E7A4F7556}") = "MaiReo.Nuget.Server.SearchQueryService", "src\MaiReo.Nuget.Server.SearchQueryService\MaiReo.Nuget.Server.SearchQueryService.csproj", "{CFBADCB6-96EE-497D-9C8B-8030A8EF5E09}"
EndProject
Project("{9A19103F-16F7-4668-BE54-9A1E7A4F7556}") = "MaiReo.Nuget.Server.ServerIndex", "src\MaiReo.Nuget.Server.ServerIndex\MaiReo.Nuget.Server.ServerIndex.csproj", "{EA8431DF-C7FA-44E6-BC96-7301FC497FFD}"
EndProject
Project("{2150E333-8FDC-42A3-9474-1A3956D46DE8}") = "test", "test", "{AC176F13-9D7F-4651-B1BC-377E84F1D50C}"
EndProject
Project("{9A19103F-16F7-4668-BE54-9A1E7A4F7556}") = "MaiReo.Nuget.Server.Test.Web", "test\MaiReo.Nuget.Server.Test.Web\MaiReo.Nuget.Server.Test.Web.csproj", "{13F1ECF1-621E-4E3F-8455-1CB7680EB32F}"
EndProject
Global
	GlobalSection(SolutionConfigurationPlatforms) = preSolution
		Debug|Any CPU = Debug|Any CPU
		Debug|x64 = Debug|x64
		Debug|x86 = Debug|x86
		Release|Any CPU = Release|Any CPU
		Release|x64 = Release|x64
		Release|x86 = Release|x86
	EndGlobalSection
	GlobalSection(ProjectConfigurationPlatforms) = postSolution
		{B23453E8-B6F7-4808-A5D4-077C08BA0DC5}.Debug|Any CPU.ActiveCfg = Debug|Any CPU
		{B23453E8-B6F7-4808-A5D4-077C08BA0DC5}.Debug|Any CPU.Build.0 = Debug|Any CPU
		{B23453E8-B6F7-4808-A5D4-077C08BA0DC5}.Debug|x64.ActiveCfg = Debug|Any CPU
		{B23453E8-B6F7-4808-A5D4-077C08BA0DC5}.Debug|x64.Build.0 = Debug|Any CPU
		{B23453E8-B6F7-4808-A5D4-077C08BA0DC5}.Debug|x86.ActiveCfg = Debug|Any CPU
		{B23453E8-B6F7-4808-A5D4-077C08BA0DC5}.Debug|x86.Build.0 = Debug|Any CPU
		{B23453E8-B6F7-4808-A5D4-077C08BA0DC5}.Release|Any CPU.ActiveCfg = Release|Any CPU
		{B23453E8-B6F7-4808-A5D4-077C08BA0DC5}.Release|Any CPU.Build.0 = Release|Any CPU
		{B23453E8-B6F7-4808-A5D4-077C08BA0DC5}.Release|x64.ActiveCfg = Release|Any CPU
		{B23453E8-B6F7-4808-A5D4-077C08BA0DC5}.Release|x64.Build.0 = Release|Any CPU
		{B23453E8-B6F7-4808-A5D4-077C08BA0DC5}.Release|x86.ActiveCfg = Release|Any CPU
		{B23453E8-B6F7-4808-A5D4-077C08BA0DC5}.Release|x86.Build.0 = Release|Any CPU
		{D462AF03-7026-4FBC-A657-88FDB41089B2}.Debug|Any CPU.ActiveCfg = Debug|Any CPU
		{D462AF03-7026-4FBC-A657-88FDB41089B2}.Debug|Any CPU.Build.0 = Debug|Any CPU
		{D462AF03-7026-4FBC-A657-88FDB41089B2}.Debug|x64.ActiveCfg = Debug|Any CPU
		{D462AF03-7026-4FBC-A657-88FDB41089B2}.Debug|x64.Build.0 = Debug|Any CPU
		{D462AF03-7026-4FBC-A657-88FDB41089B2}.Debug|x86.ActiveCfg = Debug|Any CPU
		{D462AF03-7026-4FBC-A657-88FDB41089B2}.Debug|x86.Build.0 = Debug|Any CPU
		{D462AF03-7026-4FBC-A657-88FDB41089B2}.Release|Any CPU.ActiveCfg = Release|Any CPU
		{D462AF03-7026-4FBC-A657-88FDB41089B2}.Release|Any CPU.Build.0 = Release|Any CPU
		{D462AF03-7026-4FBC-A657-88FDB41089B2}.Release|x64.ActiveCfg = Release|Any CPU
		{D462AF03-7026-4FBC-A657-88FDB41089B2}.Release|x64.Build.0 = Release|Any CPU
		{D462AF03-7026-4FBC-A657-88FDB41089B2}.Release|x86.ActiveCfg = Release|Any CPU
		{D462AF03-7026-4FBC-A657-88FDB41089B2}.Release|x86.Build.0 = Release|Any CPU
		{F884B694-E2F2-46F3-928E-8064CE1CE22C}.Debug|Any CPU.ActiveCfg = Debug|Any CPU
		{F884B694-E2F2-46F3-928E-8064CE1CE22C}.Debug|Any CPU.Build.0 = Debug|Any CPU
		{F884B694-E2F2-46F3-928E-8064CE1CE22C}.Debug|x64.ActiveCfg = Debug|Any CPU
		{F884B694-E2F2-46F3-928E-8064CE1CE22C}.Debug|x64.Build.0 = Debug|Any CPU
		{F884B694-E2F2-46F3-928E-8064CE1CE22C}.Debug|x86.ActiveCfg = Debug|Any CPU
		{F884B694-E2F2-46F3-928E-8064CE1CE22C}.Debug|x86.Build.0 = Debug|Any CPU
		{F884B694-E2F2-46F3-928E-8064CE1CE22C}.Release|Any CPU.ActiveCfg = Release|Any CPU
		{F884B694-E2F2-46F3-928E-8064CE1CE22C}.Release|Any CPU.Build.0 = Release|Any CPU
		{F884B694-E2F2-46F3-928E-8064CE1CE22C}.Release|x64.ActiveCfg = Release|Any CPU
		{F884B694-E2F2-46F3-928E-8064CE1CE22C}.Release|x64.Build.0 = Release|Any CPU
		{F884B694-E2F2-46F3-928E-8064CE1CE22C}.Release|x86.ActiveCfg = Release|Any CPU
		{F884B694-E2F2-46F3-928E-8064CE1CE22C}.Release|x86.Build.0 = Release|Any CPU
		{C9A0F645-0CED-4CF5-B924-8A2570791B04}.Debug|Any CPU.ActiveCfg = Debug|Any CPU
		{C9A0F645-0CED-4CF5-B924-8A2570791B04}.Debug|Any CPU.Build.0 = Debug|Any CPU
		{C9A0F645-0CED-4CF5-B924-8A2570791B04}.Debug|x64.ActiveCfg = Debug|Any CPU
		{C9A0F645-0CED-4CF5-B924-8A2570791B04}.Debug|x64.Build.0 = Debug|Any CPU
		{C9A0F645-0CED-4CF5-B924-8A2570791B04}.Debug|x86.ActiveCfg = Debug|Any CPU
		{C9A0F645-0CED-4CF5-B924-8A2570791B04}.Debug|x86.Build.0 = Debug|Any CPU
		{C9A0F645-0CED-4CF5-B924-8A2570791B04}.Release|Any CPU.ActiveCfg = Release|Any CPU
		{C9A0F645-0CED-4CF5-B924-8A2570791B04}.Release|Any CPU.Build.0 = Release|Any CPU
		{C9A0F645-0CED-4CF5-B924-8A2570791B04}.Release|x64.ActiveCfg = Release|Any CPU
		{C9A0F645-0CED-4CF5-B924-8A2570791B04}.Release|x64.Build.0 = Release|Any CPU
		{C9A0F645-0CED-4CF5-B924-8A2570791B04}.Release|x86.ActiveCfg = Release|Any CPU
		{C9A0F645-0CED-4CF5-B924-8A2570791B04}.Release|x86.Build.0 = Release|Any CPU
		{1C96AD03-BF54-41A5-8DD9-4085366950AF}.Debug|Any CPU.ActiveCfg = Debug|Any CPU
		{1C96AD03-BF54-41A5-8DD9-4085366950AF}.Debug|Any CPU.Build.0 = Debug|Any CPU
		{1C96AD03-BF54-41A5-8DD9-4085366950AF}.Debug|x64.ActiveCfg = Debug|Any CPU
		{1C96AD03-BF54-41A5-8DD9-4085366950AF}.Debug|x64.Build.0 = Debug|Any CPU
		{1C96AD03-BF54-41A5-8DD9-4085366950AF}.Debug|x86.ActiveCfg = Debug|Any CPU
		{1C96AD03-BF54-41A5-8DD9-4085366950AF}.Debug|x86.Build.0 = Debug|Any CPU
		{1C96AD03-BF54-41A5-8DD9-4085366950AF}.Release|Any CPU.ActiveCfg = Release|Any CPU
		{1C96AD03-BF54-41A5-8DD9-4085366950AF}.Release|Any CPU.Build.0 = Release|Any CPU
		{1C96AD03-BF54-41A5-8DD9-4085366950AF}.Release|x64.ActiveCfg = Release|Any CPU
		{1C96AD03-BF54-41A5-8DD9-4085366950AF}.Release|x64.Build.0 = Release|Any CPU
		{1C96AD03-BF54-41A5-8DD9-4085366950AF}.Release|x86.ActiveCfg = Release|Any CPU
		{1C96AD03-BF54-41A5-8DD9-4085366950AF}.Release|x86.Build.0 = Release|Any CPU
		{BF8B50A3-61BB-4613-B8A8-07C65F6D3A61}.Debug|Any CPU.ActiveCfg = Debug|Any CPU
		{BF8B50A3-61BB-4613-B8A8-07C65F6D3A61}.Debug|Any CPU.Build.0 = Debug|Any CPU
		{BF8B50A3-61BB-4613-B8A8-07C65F6D3A61}.Debug|x64.ActiveCfg = Debug|Any CPU
		{BF8B50A3-61BB-4613-B8A8-07C65F6D3A61}.Debug|x64.Build.0 = Debug|Any CPU
		{BF8B50A3-61BB-4613-B8A8-07C65F6D3A61}.Debug|x86.ActiveCfg = Debug|Any CPU
		{BF8B50A3-61BB-4613-B8A8-07C65F6D3A61}.Debug|x86.Build.0 = Debug|Any CPU
		{BF8B50A3-61BB-4613-B8A8-07C65F6D3A61}.Release|Any CPU.ActiveCfg = Release|Any CPU
		{BF8B50A3-61BB-4613-B8A8-07C65F6D3A61}.Release|Any CPU.Build.0 = Release|Any CPU
		{BF8B50A3-61BB-4613-B8A8-07C65F6D3A61}.Release|x64.ActiveCfg = Release|Any CPU
		{BF8B50A3-61BB-4613-B8A8-07C65F6D3A61}.Release|x64.Build.0 = Release|Any CPU
		{BF8B50A3-61BB-4613-B8A8-07C65F6D3A61}.Release|x86.ActiveCfg = Release|Any CPU
		{BF8B50A3-61BB-4613-B8A8-07C65F6D3A61}.Release|x86.Build.0 = Release|Any CPU
		{CFBADCB6-96EE-497D-9C8B-8030A8EF5E09}.Debug|Any CPU.ActiveCfg = Debug|Any CPU
		{CFBADCB6-96EE-497D-9C8B-8030A8EF5E09}.Debug|Any CPU.Build.0 = Debug|Any CPU
		{CFBADCB6-96EE-497D-9C8B-8030A8EF5E09}.Debug|x64.ActiveCfg = Debug|Any CPU
		{CFBADCB6-96EE-497D-9C8B-8030A8EF5E09}.Debug|x64.Build.0 = Debug|Any CPU
		{CFBADCB6-96EE-497D-9C8B-8030A8EF5E09}.Debug|x86.ActiveCfg = Debug|Any CPU
		{CFBADCB6-96EE-497D-9C8B-8030A8EF5E09}.Debug|x86.Build.0 = Debug|Any CPU
		{CFBADCB6-96EE-497D-9C8B-8030A8EF5E09}.Release|Any CPU.ActiveCfg = Release|Any CPU
		{CFBADCB6-96EE-497D-9C8B-8030A8EF5E09}.Release|Any CPU.Build.0 = Release|Any CPU
		{CFBADCB6-96EE-497D-9C8B-8030A8EF5E09}.Release|x64.ActiveCfg = Release|Any CPU
		{CFBADCB6-96EE-497D-9C8B-8030A8EF5E09}.Release|x64.Build.0 = Release|Any CPU
		{CFBADCB6-96EE-497D-9C8B-8030A8EF5E09}.Release|x86.ActiveCfg = Release|Any CPU
		{CFBADCB6-96EE-497D-9C8B-8030A8EF5E09}.Release|x86.Build.0 = Release|Any CPU
		{EA8431DF-C7FA-44E6-BC96-7301FC497FFD}.Debug|Any CPU.ActiveCfg = Debug|Any CPU
		{EA8431DF-C7FA-44E6-BC96-7301FC497FFD}.Debug|Any CPU.Build.0 = Debug|Any CPU
		{EA8431DF-C7FA-44E6-BC96-7301FC497FFD}.Debug|x64.ActiveCfg = Debug|Any CPU
		{EA8431DF-C7FA-44E6-BC96-7301FC497FFD}.Debug|x64.Build.0 = Debug|Any CPU
		{EA8431DF-C7FA-44E6-BC96-7301FC497FFD}.Debug|x86.ActiveCfg = Debug|Any CPU
		{EA8431DF-C7FA-44E6-BC96-7301FC497FFD}.Debug|x86.Build.0 = Debug|Any CPU
		{EA8431DF-C7FA-44E6-BC96-7301FC497FFD}.Release|Any CPU.ActiveCfg = Release|Any CPU
		{EA8431DF-C7FA-44E6-BC96-7301FC497FFD}.Release|Any CPU.Build.0 = Release|Any CPU
		{EA8431DF-C7FA-44E6-BC96-7301FC497FFD}.Release|x64.ActiveCfg = Release|Any CPU
		{EA8431DF-C7FA-44E6-BC96-7301FC497FFD}.Release|x64.Build.0 = Release|Any CPU
		{EA8431DF-C7FA-44E6-BC96-7301FC497FFD}.Release|x86.ActiveCfg = Release|Any CPU
		{EA8431DF-C7FA-44E6-BC96-7301FC497FFD}.Release|x86.Build.0 = Release|Any CPU
		{13F1ECF1-621E-4E3F-8455-1CB7680EB32F}.Debug|Any CPU.ActiveCfg = Debug|Any CPU
		{13F1ECF1-621E-4E3F-8455-1CB7680EB32F}.Debug|Any CPU.Build.0 = Debug|Any CPU
		{13F1ECF1-621E-4E3F-8455-1CB7680EB32F}.Debug|x64.ActiveCfg = Debug|Any CPU
		{13F1ECF1-621E-4E3F-8455-1CB7680EB32F}.Debug|x64.Build.0 = Debug|Any CPU
		{13F1ECF1-621E-4E3F-8455-1CB7680EB32F}.Debug|x86.ActiveCfg = Debug|Any CPU
		{13F1ECF1-621E-4E3F-8455-1CB7680EB32F}.Debug|x86.Build.0 = Debug|Any CPU
		{13F1ECF1-621E-4E3F-8455-1CB7680EB32F}.Release|Any CPU.ActiveCfg = Release|Any CPU
		{13F1ECF1-621E-4E3F-8455-1CB7680EB32F}.Release|Any CPU.Build.0 = Release|Any CPU
		{13F1ECF1-621E-4E3F-8455-1CB7680EB32F}.Release|x64.ActiveCfg = Release|Any CPU
		{13F1ECF1-621E-4E3F-8455-1CB7680EB32F}.Release|x64.Build.0 = Release|Any CPU
		{13F1ECF1-621E-4E3F-8455-1CB7680EB32F}.Release|x86.ActiveCfg = Release|Any CPU
		{13F1ECF1-621E-4E3F-8455-1CB7680EB32F}.Release|x86.Build.0 = Release|Any CPU
	EndGlobalSection
	GlobalSection(SolutionProperties) = preSolution
		HideSolutionNode = FALSE
	EndGlobalSection
	GlobalSection(NestedProjects) = preSolution
		{B23453E8-B6F7-4808-A5D4-077C08BA0DC5} = {75033DBF-7767-44F3-9B33-A490271BFBE7}
		{D462AF03-7026-4FBC-A657-88FDB41089B2} = {75033DBF-7767-44F3-9B33-A490271BFBE7}
		{F884B694-E2F2-46F3-928E-8064CE1CE22C} = {75033DBF-7767-44F3-9B33-A490271BFBE7}
		{C9A0F645-0CED-4CF5-B924-8A2570791B04} = {75033DBF-7767-44F3-9B33-A490271BFBE7}
		{1C96AD03-BF54-41A5-8DD9-4085366950AF} = {75033DBF-7767-44F3-9B33-A490271BFBE7}
		{BF8B50A3-61BB-4613-B8A8-07C65F6D3A61} = {75033DBF-7767-44F3-9B33-A490271BFBE7}
		{CFBADCB6-96EE-497D-9C8B-8030A8EF5E09} = {75033DBF-7767-44F3-9B33-A490271BFBE7}
		{EA8431DF-C7FA-44E6-BC96-7301FC497FFD} = {75033DBF-7767-44F3-9B33-A490271BFBE7}
		{13F1ECF1-621E-4E3F-8455-1CB7680EB32F} = {AC176F13-9D7F-4651-B1BC-377E84F1D50C}
	EndGlobalSection
	GlobalSection(ExtensibilityGlobals) = postSolution
		SolutionGuid = {601ED60F-5780-4FC0-AD09-EE1BEB1F7845}
	EndGlobalSection
EndGlobal
